
Microsoft Visual Studio Solution File, Format Version 12.00
# Visual Studio Version 17
VisualStudioVersion = 17.2.32630.192
MinimumVisualStudioVersion = 10.0.40219.1
Project("{2150E333-8FDC-42A3-9474-1A3956D46DE8}") = "Services", "Services", "{2C3A606F-CB30-49CD-B4F6-24AC7DCA358E}"
EndProject
Project("{2150E333-8FDC-42A3-9474-1A3956D46DE8}") = "Catalog", "Catalog", "{E0FEB96A-8432-48CB-95DA-32B0F9AF23A8}"
EndProject
Project("{9A19103F-16F7-4668-BE54-9A1E7A4F7556}") = "Catalog.API", "Services\Catalog\Catalog.API\Catalog.API.csproj", "{7CB3EDFB-F14E-4D8E-B664-4CC22B59ADA6}"
EndProject
Project("{E53339B2-1760-4266-BCC7-CA923CBCF16C}") = "docker-compose", "docker-compose.dcproj", "{26EF0EC3-1334-43A2-B616-49444F09F878}"
EndProject
Project("{2150E333-8FDC-42A3-9474-1A3956D46DE8}") = "Basket", "Basket", "{1E7D6155-03E9-4D3C-87B0-C95BA31FC6B1}"
EndProject
Project("{9A19103F-16F7-4668-BE54-9A1E7A4F7556}") = "Basket.API", "Services\Basket\Basket.API\Basket.API.csproj", "{C0720048-0530-4946-8BE9-1C33A1B541CA}"
EndProject
Project("{2150E333-8FDC-42A3-9474-1A3956D46DE8}") = "Discount", "Discount", "{77567C74-C410-430A-B115-50EED820CB5A}"
EndProject
Project("{9A19103F-16F7-4668-BE54-9A1E7A4F7556}") = "Discount.API", "Services\Discount\Discount.API\Discount.API.csproj", "{DAC61AD9-A4B9-4B93-84A7-01E74B9F64ED}"
EndProject
Project("{9A19103F-16F7-4668-BE54-9A1E7A4F7556}") = "Discount.Grpc", "Services\Discount\Discount.Grpc\Discount.Grpc.csproj", "{03F6ED79-62F7-4B1D-9CA6-925CF218FEFB}"
EndProject
Project("{2150E333-8FDC-42A3-9474-1A3956D46DE8}") = "Ordering", "Ordering", "{DC199762-B124-4BCF-8F97-EA8BB55899C3}"
EndProject
Project("{9A19103F-16F7-4668-BE54-9A1E7A4F7556}") = "Ordering.API", "Services\Ordering\Ordering.API\Ordering.API.csproj", "{6A8F44AD-D837-44B9-81CF-292F46E1B98B}"
EndProject
Project("{9A19103F-16F7-4668-BE54-9A1E7A4F7556}") = "Ordering.Domain", "Services\Ordering\Ordering.Domain\Ordering.Domain.csproj", "{E4862D28-613B-4421-9384-DE5C22843F41}"
EndProject
Project("{9A19103F-16F7-4668-BE54-9A1E7A4F7556}") = "Ordering.Infrastructure", "Services\Ordering\Ordering.Infrastructure\Ordering.Infrastructure.csproj", "{B6BF73A0-0655-467D-81F9-8E00EFDE49F0}"
EndProject
Project("{9A19103F-16F7-4668-BE54-9A1E7A4F7556}") = "Ordering.Application", "Services\Ordering\Ordering.Application\Ordering.Application.csproj", "{07FA0940-CC8B-4C35-B4F9-47D26C2FA783}"
EndProject
Project("{2150E333-8FDC-42A3-9474-1A3956D46DE8}") = "BuildingBlocks", "BuildingBlocks", "{7AEEF838-4EB3-484B-A0EA-1276B87A870C}"
EndProject
Project("{9A19103F-16F7-4668-BE54-9A1E7A4F7556}") = "EventBus.Messages", "BuildingBlocks\EventBus.Messages\EventBus.Messages.csproj", "{16012084-099D-45FC-B817-68CA3FA06DD4}"
EndProject
Project("{2150E333-8FDC-42A3-9474-1A3956D46DE8}") = "ApiGateways", "ApiGateways", "{80AEC89E-8337-44B9-AB64-32FDE4E64702}"
EndProject
Project("{9A19103F-16F7-4668-BE54-9A1E7A4F7556}") = "OcelotApiGw", "ApiGateways\OcelotApiGw\OcelotApiGw.csproj", "{FFD4E08B-E901-4AE1-AD9E-C40BFD756919}"
EndProject
Project("{FAE04EC0-301F-11D3-BF4B-00C04F79EFBC}") = "Shopping.Aggregator", "ApiGateways\Shopping.Aggregator\Shopping.Aggregator.csproj", "{38647C31-50D3-4C12-9A6F-F5E57CD2C696}"
EndProject
Global
	GlobalSection(SolutionConfigurationPlatforms) = preSolution
		Debug|Any CPU = Debug|Any CPU
		Release|Any CPU = Release|Any CPU
	EndGlobalSection
	GlobalSection(ProjectConfigurationPlatforms) = postSolution
		{7CB3EDFB-F14E-4D8E-B664-4CC22B59ADA6}.Debug|Any CPU.ActiveCfg = Debug|Any CPU
		{7CB3EDFB-F14E-4D8E-B664-4CC22B59ADA6}.Debug|Any CPU.Build.0 = Debug|Any CPU
		{7CB3EDFB-F14E-4D8E-B664-4CC22B59ADA6}.Release|Any CPU.ActiveCfg = Release|Any CPU
		{7CB3EDFB-F14E-4D8E-B664-4CC22B59ADA6}.Release|Any CPU.Build.0 = Release|Any CPU
		{26EF0EC3-1334-43A2-B616-49444F09F878}.Debug|Any CPU.ActiveCfg = Debug|Any CPU
		{26EF0EC3-1334-43A2-B616-49444F09F878}.Debug|Any CPU.Build.0 = Debug|Any CPU
		{26EF0EC3-1334-43A2-B616-49444F09F878}.Release|Any CPU.ActiveCfg = Release|Any CPU
		{26EF0EC3-1334-43A2-B616-49444F09F878}.Release|Any CPU.Build.0 = Release|Any CPU
		{C0720048-0530-4946-8BE9-1C33A1B541CA}.Debug|Any CPU.ActiveCfg = Debug|Any CPU
		{C0720048-0530-4946-8BE9-1C33A1B541CA}.Debug|Any CPU.Build.0 = Debug|Any CPU
		{C0720048-0530-4946-8BE9-1C33A1B541CA}.Release|Any CPU.ActiveCfg = Release|Any CPU
		{C0720048-0530-4946-8BE9-1C33A1B541CA}.Release|Any CPU.Build.0 = Release|Any CPU
		{DAC61AD9-A4B9-4B93-84A7-01E74B9F64ED}.Debug|Any CPU.ActiveCfg = Debug|Any CPU
		{DAC61AD9-A4B9-4B93-84A7-01E74B9F64ED}.Debug|Any CPU.Build.0 = Debug|Any CPU
		{DAC61AD9-A4B9-4B93-84A7-01E74B9F64ED}.Release|Any CPU.ActiveCfg = Release|Any CPU
		{DAC61AD9-A4B9-4B93-84A7-01E74B9F64ED}.Release|Any CPU.Build.0 = Release|Any CPU
		{03F6ED79-62F7-4B1D-9CA6-925CF218FEFB}.Debug|Any CPU.ActiveCfg = Debug|Any CPU
		{03F6ED79-62F7-4B1D-9CA6-925CF218FEFB}.Debug|Any CPU.Build.0 = Debug|Any CPU
		{03F6ED79-62F7-4B1D-9CA6-925CF218FEFB}.Release|Any CPU.ActiveCfg = Release|Any CPU
		{03F6ED79-62F7-4B1D-9CA6-925CF218FEFB}.Release|Any CPU.Build.0 = Release|Any CPU
		{6A8F44AD-D837-44B9-81CF-292F46E1B98B}.Debug|Any CPU.ActiveCfg = Debug|Any CPU
		{6A8F44AD-D837-44B9-81CF-292F46E1B98B}.Debug|Any CPU.Build.0 = Debug|Any CPU
		{6A8F44AD-D837-44B9-81CF-292F46E1B98B}.Release|Any CPU.ActiveCfg = Release|Any CPU
		{6A8F44AD-D837-44B9-81CF-292F46E1B98B}.Release|Any CPU.Build.0 = Release|Any CPU
		{E4862D28-613B-4421-9384-DE5C22843F41}.Debug|Any CPU.ActiveCfg = Debug|Any CPU
		{E4862D28-613B-4421-9384-DE5C22843F41}.Debug|Any CPU.Build.0 = Debug|Any CPU
		{E4862D28-613B-4421-9384-DE5C22843F41}.Release|Any CPU.ActiveCfg = Release|Any CPU
		{E4862D28-613B-4421-9384-DE5C22843F41}.Release|Any CPU.Build.0 = Release|Any CPU
		{B6BF73A0-0655-467D-81F9-8E00EFDE49F0}.Debug|Any CPU.ActiveCfg = Debug|Any CPU
		{B6BF73A0-0655-467D-81F9-8E00EFDE49F0}.Debug|Any CPU.Build.0 = Debug|Any CPU
		{B6BF73A0-0655-467D-81F9-8E00EFDE49F0}.Release|Any CPU.ActiveCfg = Release|Any CPU
		{B6BF73A0-0655-467D-81F9-8E00EFDE49F0}.Release|Any CPU.Build.0 = Release|Any CPU
		{07FA0940-CC8B-4C35-B4F9-47D26C2FA783}.Debug|Any CPU.ActiveCfg = Debug|Any CPU
		{07FA0940-CC8B-4C35-B4F9-47D26C2FA783}.Debug|Any CPU.Build.0 = Debug|Any CPU
		{07FA0940-CC8B-4C35-B4F9-47D26C2FA783}.Release|Any CPU.ActiveCfg = Release|Any CPU
		{07FA0940-CC8B-4C35-B4F9-47D26C2FA783}.Release|Any CPU.Build.0 = Release|Any CPU
		{16012084-099D-45FC-B817-68CA3FA06DD4}.Debug|Any CPU.ActiveCfg = Debug|Any CPU
		{16012084-099D-45FC-B817-68CA3FA06DD4}.Debug|Any CPU.Build.0 = Debug|Any CPU
		{16012084-099D-45FC-B817-68CA3FA06DD4}.Release|Any CPU.ActiveCfg = Release|Any CPU
		{16012084-099D-45FC-B817-68CA3FA06DD4}.Release|Any CPU.Build.0 = Release|Any CPU
		{FFD4E08B-E901-4AE1-AD9E-C40BFD756919}.Debug|Any CPU.ActiveCfg = Debug|Any CPU
		{FFD4E08B-E901-4AE1-AD9E-C40BFD756919}.Debug|Any CPU.Build.0 = Debug|Any CPU
		{FFD4E08B-E901-4AE1-AD9E-C40BFD756919}.Release|Any CPU.ActiveCfg = Release|Any CPU
		{FFD4E08B-E901-4AE1-AD9E-C40BFD756919}.Release|Any CPU.Build.0 = Release|Any CPU
		{38647C31-50D3-4C12-9A6F-F5E57CD2C696}.Debug|Any CPU.ActiveCfg = Debug|Any CPU
		{38647C31-50D3-4C12-9A6F-F5E57CD2C696}.Debug|Any CPU.Build.0 = Debug|Any CPU
		{38647C31-50D3-4C12-9A6F-F5E57CD2C696}.Release|Any CPU.ActiveCfg = Release|Any CPU
		{38647C31-50D3-4C12-9A6F-F5E57CD2C696}.Release|Any CPU.Build.0 = Release|Any CPU
	EndGlobalSection
	GlobalSection(SolutionProperties) = preSolution
		HideSolutionNode = FALSE
	EndGlobalSection
	GlobalSection(NestedProjects) = preSolution
		{E0FEB96A-8432-48CB-95DA-32B0F9AF23A8} = {2C3A606F-CB30-49CD-B4F6-24AC7DCA358E}
		{7CB3EDFB-F14E-4D8E-B664-4CC22B59ADA6} = {E0FEB96A-8432-48CB-95DA-32B0F9AF23A8}
		{1E7D6155-03E9-4D3C-87B0-C95BA31FC6B1} = {2C3A606F-CB30-49CD-B4F6-24AC7DCA358E}
		{C0720048-0530-4946-8BE9-1C33A1B541CA} = {1E7D6155-03E9-4D3C-87B0-C95BA31FC6B1}
		{77567C74-C410-430A-B115-50EED820CB5A} = {2C3A606F-CB30-49CD-B4F6-24AC7DCA358E}
		{DAC61AD9-A4B9-4B93-84A7-01E74B9F64ED} = {77567C74-C410-430A-B115-50EED820CB5A}
		{03F6ED79-62F7-4B1D-9CA6-925CF218FEFB} = {77567C74-C410-430A-B115-50EED820CB5A}
		{DC199762-B124-4BCF-8F97-EA8BB55899C3} = {2C3A606F-CB30-49CD-B4F6-24AC7DCA358E}
		{6A8F44AD-D837-44B9-81CF-292F46E1B98B} = {DC199762-B124-4BCF-8F97-EA8BB55899C3}
		{E4862D28-613B-4421-9384-DE5C22843F41} = {DC199762-B124-4BCF-8F97-EA8BB55899C3}
		{B6BF73A0-0655-467D-81F9-8E00EFDE49F0} = {DC199762-B124-4BCF-8F97-EA8BB55899C3}
		{07FA0940-CC8B-4C35-B4F9-47D26C2FA783} = {DC199762-B124-4BCF-8F97-EA8BB55899C3}
		{16012084-099D-45FC-B817-68CA3FA06DD4} = {7AEEF838-4EB3-484B-A0EA-1276B87A870C}
		{FFD4E08B-E901-4AE1-AD9E-C40BFD756919} = {80AEC89E-8337-44B9-AB64-32FDE4E64702}
		{38647C31-50D3-4C12-9A6F-F5E57CD2C696} = {80AEC89E-8337-44B9-AB64-32FDE4E64702}
	EndGlobalSection
	GlobalSection(ExtensibilityGlobals) = postSolution
		SolutionGuid = {4B8EF9EB-44EA-4377-A0ED-8C9E43CAC891}
	EndGlobalSection
EndGlobal
